{
  "name": "smooth-geojson-lines",
  "version": "0.1.0",
  "lockfileVersion": 1,
  "requires": true,
  "dependencies": {
    "@turf/bezier-spline": {
      "version": "6.0.3",
      "resolved": "https://registry.npmjs.org/@turf/bezier-spline/-/bezier-spline-6.0.3.tgz",
      "integrity": "sha512-cGNES26M8keEitliXEhYIjZWXYhkdkZe0drdKVSn5EaUz+GQVE+a7TiGwbAPokNbaL0a8RtgnagRBzhx8LsBKQ==",
      "requires": {
        "@turf/helpers": "6.x",
        "@turf/invariant": "6.x"
      }
    },
    "@turf/helpers": {
      "version": "6.1.4",
      "resolved": "https://registry.npmjs.org/@turf/helpers/-/helpers-6.1.4.tgz",
      "integrity": "sha512-vJvrdOZy1ngC7r3MDA7zIGSoIgyrkWcGnNIEaqn/APmw+bVLF2gAW7HIsdTxd12s5wQMqEpqIQrmrbRRZ0xC7g=="
    },
    "@turf/invariant": {
      "version": "6.1.2",
      "resolved": "https://registry.npmjs.org/@turf/invariant/-/invariant-6.1.2.tgz",
      "integrity": "sha512-WU08Ph8j0J2jVGlQCKChXoCtI50BB3yEH21V++V0T4cR1T27HKCxkehV2sYMwTierfMBgjwSwDIsxnR4/2mWXg==",
      "requires": {
        "@turf/helpers": "6.x"
      }
    },
    "simplify-js": {
      "version": "1.2.3",
      "resolved": "https://registry.npmjs.org/simplify-js/-/simplify-js-1.2.3.tgz",
      "integrity": "sha512-0IkEqs+5c5vROkHaifGfbqHf5tYDcsTBy6oJPRbFCSwp2uzEr+PpH3dNP7wD8O3d7zdUCjLVq1/xHkwA/JjlFA=="
    }
  }
}
